# This file is automatically @generated by Cargo.
# It is not intended for manual editing.
version = 4

[[package]]
name = "arrange2d"
version = "0.0.0"
dependencies = [
 "certify-core",
 "geom",
]

[[package]]
name = "certify-core"
version = "0.0.0"
dependencies = [
 "lattice",
]

[[package]]
name = "closure"
version = "0.0.0"
dependencies = [
 "arrange2d",
 "certify-core",
 "geom",
]

[[package]]
name = "develop"
version = "0.0.0"
dependencies = [
 "arrange2d",
 "certify-core",
 "geom",
]

[[package]]
name = "difftest"
version = "0.0.0"
dependencies = [
 "fixtures",
]

[[package]]
name = "export"
version = "0.0.0"
dependencies = [
 "arrange2d",
 "certify-core",
 "closure",
 "develop",
 "gate",
 "geom",
 "sew",
]

[[package]]
name = "fixtures"
version = "0.0.0"
dependencies = [
 "arrange2d",
 "closure",
 "geom",
 "sew",
]

[[package]]
name = "gate"
version = "0.0.0"
dependencies = [
 "certify-core",
 "sew",
]

[[package]]
name = "geom"
version = "0.0.0"
dependencies = [
 "certify-core",
 "lattice",
]

[[package]]
name = "lattice"
version = "0.0.0"

[[package]]
name = "sew"
version = "0.0.0"
dependencies = [
 "arrange2d",
 "certify-core",
 "closure",
]
